
Microsoft Visual Studio Solution File, Format Version 11.00
# Visual Studio 2010
Project("{FAE04EC0-301F-11D3-BF4B-00C04F79EFBC}") = "ACO", "AOC\ACO.csproj", "{0FD02E6E-647E-4B41-BA79-455BD1B5FB12}"
EndProject
Global
	GlobalSection(SolutionConfigurationPlatforms) = preSolution
		Debug|x86 = Debug|x86
		Release|x86 = Release|x86
	EndGlobalSection
	GlobalSection(ProjectConfigurationPlatforms) = postSolution
		{0FD02E6E-647E-4B41-BA79-455BD1B5FB12}.Debug|x86.ActiveCfg = Debug|x86
		{0FD02E6E-647E-4B41-BA79-455BD1B5FB12}.Debug|x86.Build.0 = Debug|x86
		{0FD02E6E-647E-4B41-BA79-455BD1B5FB12}.Release|x86.ActiveCfg = Release|x86
		{0FD02E6E-647E-4B41-BA79-455BD1B5FB12}.Release|x86.Build.0 = Release|x86
	EndGlobalSection
	GlobalSection(SolutionProperties) = preSolution
		HideSolutionNode = FALSE
	EndGlobalSection
EndGlobal
